
Microsoft Visual Studio Solution File, Format Version 12.00
# Visual Studio 15
VisualStudioVersion = 15.0.27130.2024
MinimumVisualStudioVersion = 10.0.40219.1
Project("{FAE04EC0-301F-11D3-BF4B-00C04F79EFBC}") = "Storage.Tests", "Storage.Tests\Storage.Tests.csproj", "{97A728B6-5116-450B-B38A-F8DFC31F5FF0}"
EndProject
Project("{FAE04EC0-301F-11D3-BF4B-00C04F79EFBC}") = "Storage.Dto", "Storage.Dto\Storage.Dto.csproj", "{8857BFE3-7D74-47F8-B8E7-022B7A180958}"
EndProject
Project("{FAE04EC0-301F-11D3-BF4B-00C04F79EFBC}") = "Storage.WebApi", "Storage.WebApi\Storage.WebApi.csproj", "{837E707B-E3FA-41E6-AA1F-0A2B4A487F75}"
EndProject
Global
	GlobalSection(SolutionConfigurationPlatforms) = preSolution
		Debug|Any CPU = Debug|Any CPU
		Release|Any CPU = Release|Any CPU
	EndGlobalSection
	GlobalSection(ProjectConfigurationPlatforms) = postSolution
		{97A728B6-5116-450B-B38A-F8DFC31F5FF0}.Debug|Any CPU.ActiveCfg = Debug|Any CPU
		{97A728B6-5116-450B-B38A-F8DFC31F5FF0}.Debug|Any CPU.Build.0 = Debug|Any CPU
		{97A728B6-5116-450B-B38A-F8DFC31F5FF0}.Release|Any CPU.ActiveCfg = Release|Any CPU
		{97A728B6-5116-450B-B38A-F8DFC31F5FF0}.Release|Any CPU.Build.0 = Release|Any CPU
		{8857BFE3-7D74-47F8-B8E7-022B7A180958}.Debug|Any CPU.ActiveCfg = Debug|Any CPU
		{8857BFE3-7D74-47F8-B8E7-022B7A180958}.Debug|Any CPU.Build.0 = Debug|Any CPU
		{8857BFE3-7D74-47F8-B8E7-022B7A180958}.Release|Any CPU.ActiveCfg = Release|Any CPU
		{8857BFE3-7D74-47F8-B8E7-022B7A180958}.Release|Any CPU.Build.0 = Release|Any CPU
		{837E707B-E3FA-41E6-AA1F-0A2B4A487F75}.Debug|Any CPU.ActiveCfg = Debug|Any CPU
		{837E707B-E3FA-41E6-AA1F-0A2B4A487F75}.Debug|Any CPU.Build.0 = Debug|Any CPU
		{837E707B-E3FA-41E6-AA1F-0A2B4A487F75}.Release|Any CPU.ActiveCfg = Release|Any CPU
		{837E707B-E3FA-41E6-AA1F-0A2B4A487F75}.Release|Any CPU.Build.0 = Release|Any CPU
	EndGlobalSection
	GlobalSection(SolutionProperties) = preSolution
		HideSolutionNode = FALSE
	EndGlobalSection
	GlobalSection(ExtensibilityGlobals) = postSolution
		SolutionGuid = {7BF955A3-77E0-47BF-A5B4-B7F95F7180B0}
	EndGlobalSection
EndGlobal
